
Microsoft Visual Studio Solution File, Format Version 12.00
# Visual Studio Version 17
VisualStudioVersion = 17.9.34607.119
MinimumVisualStudioVersion = 10.0.40219.1
Project("{FAE04EC0-301F-11D3-BF4B-00C04F79EFBC}") = "KP", "KP\KP.csproj", "{95BD3F22-17BD-45FD-994B-BCEF46DCED19}"
EndProject
Global
	GlobalSection(SolutionConfigurationPlatforms) = preSolution
		Debug|Any CPU = Debug|Any CPU
		Release|Any CPU = Release|Any CPU
	EndGlobalSection
	GlobalSection(ProjectConfigurationPlatforms) = postSolution
		{95BD3F22-17BD-45FD-994B-BCEF46DCED19}.Debug|Any CPU.ActiveCfg = Debug|Any CPU
		{95BD3F22-17BD-45FD-994B-BCEF46DCED19}.Debug|Any CPU.Build.0 = Debug|Any CPU
		{95BD3F22-17BD-45FD-994B-BCEF46DCED19}.Release|Any CPU.ActiveCfg = Release|Any CPU
		{95BD3F22-17BD-45FD-994B-BCEF46DCED19}.Release|Any CPU.Build.0 = Release|Any CPU
	EndGlobalSection
	GlobalSection(SolutionProperties) = preSolution
		HideSolutionNode = FALSE
	EndGlobalSection
	GlobalSection(ExtensibilityGlobals) = postSolution
		SolutionGuid = {5FC5F1CD-5CF4-41A2-B2BB-D6AD2252DC0A}
	EndGlobalSection
EndGlobal
